
Microsoft Visual Studio Solution File, Format Version 12.00
# Visual Studio Version 17
VisualStudioVersion = 17.14.36109.1 d17.14
MinimumVisualStudioVersion = 10.0.40219.1
Project("{FAE04EC0-301F-11D3-BF4B-00C04F79EFBC}") = "PRN222_BookShop", "PRN222_BookShop.csproj", "{F8E7DB5F-DEA4-3F49-CDE5-48525AE8A004}"
EndProject
Global
	GlobalSection(SolutionConfigurationPlatforms) = preSolution
		Debug|Any CPU = Debug|Any CPU
		Release|Any CPU = Release|Any CPU
	EndGlobalSection
	GlobalSection(ProjectConfigurationPlatforms) = postSolution
		{F8E7DB5F-DEA4-3F49-CDE5-48525AE8A004}.Debug|Any CPU.ActiveCfg = Debug|Any CPU
		{F8E7DB5F-DEA4-3F49-CDE5-48525AE8A004}.Debug|Any CPU.Build.0 = Debug|Any CPU
		{F8E7DB5F-DEA4-3F49-CDE5-48525AE8A004}.Release|Any CPU.ActiveCfg = Release|Any CPU
		{F8E7DB5F-DEA4-3F49-CDE5-48525AE8A004}.Release|Any CPU.Build.0 = Release|Any CPU
	EndGlobalSection
	GlobalSection(SolutionProperties) = preSolution
		HideSolutionNode = FALSE
	EndGlobalSection
	GlobalSection(ExtensibilityGlobals) = postSolution
		SolutionGuid = {4468A7D3-A5A7-4FF4-A153-84F95AA78A23}
	EndGlobalSection
EndGlobal
